
Microsoft Visual Studio Solution File, Format Version 12.00
# Visual Studio Version 16
VisualStudioVersion = 16.0.29324.140
MinimumVisualStudioVersion = 10.0.40219.1
Project("{9A19103F-16F7-4668-BE54-9A1E7A4F7556}") = "Benchmark", "Benchmark\Benchmark.csproj", "{390BF8C1-DDE6-4CFF-B8A3-357EBF27A775}"
EndProject
Project("{9A19103F-16F7-4668-BE54-9A1E7A4F7556}") = "MBur.Threading", "MBur.Threading\MBur.Threading.csproj", "{2A6C12FC-2249-4A63-A12B-67E8F0D376CD}"
EndProject
Project("{9A19103F-16F7-4668-BE54-9A1E7A4F7556}") = "XUnitTest", "XUnitTest\XUnitTest.csproj", "{EBB30AED-C209-4843-BE7C-DDD271CC9D9B}"
EndProject
Global
	GlobalSection(SolutionConfigurationPlatforms) = preSolution
		Debug|Any CPU = Debug|Any CPU
		Release|Any CPU = Release|Any CPU
	EndGlobalSection
	GlobalSection(ProjectConfigurationPlatforms) = postSolution
		{390BF8C1-DDE6-4CFF-B8A3-357EBF27A775}.Debug|Any CPU.ActiveCfg = Debug|Any CPU
		{390BF8C1-DDE6-4CFF-B8A3-357EBF27A775}.Debug|Any CPU.Build.0 = Debug|Any CPU
		{390BF8C1-DDE6-4CFF-B8A3-357EBF27A775}.Release|Any CPU.ActiveCfg = Release|Any CPU
		{390BF8C1-DDE6-4CFF-B8A3-357EBF27A775}.Release|Any CPU.Build.0 = Release|Any CPU
		{2A6C12FC-2249-4A63-A12B-67E8F0D376CD}.Debug|Any CPU.ActiveCfg = Debug|Any CPU
		{2A6C12FC-2249-4A63-A12B-67E8F0D376CD}.Debug|Any CPU.Build.0 = Debug|Any CPU
		{2A6C12FC-2249-4A63-A12B-67E8F0D376CD}.Release|Any CPU.ActiveCfg = Release|Any CPU
		{2A6C12FC-2249-4A63-A12B-67E8F0D376CD}.Release|Any CPU.Build.0 = Release|Any CPU
		{EBB30AED-C209-4843-BE7C-DDD271CC9D9B}.Debug|Any CPU.ActiveCfg = Debug|Any CPU
		{EBB30AED-C209-4843-BE7C-DDD271CC9D9B}.Debug|Any CPU.Build.0 = Debug|Any CPU
		{EBB30AED-C209-4843-BE7C-DDD271CC9D9B}.Release|Any CPU.ActiveCfg = Release|Any CPU
		{EBB30AED-C209-4843-BE7C-DDD271CC9D9B}.Release|Any CPU.Build.0 = Release|Any CPU
	EndGlobalSection
	GlobalSection(SolutionProperties) = preSolution
		HideSolutionNode = FALSE
	EndGlobalSection
	GlobalSection(ExtensibilityGlobals) = postSolution
		SolutionGuid = {66B03E41-5DD2-468F-A756-09CE47771F3E}
	EndGlobalSection
EndGlobal
